{
  "name": "autocomplete",
  "version": "1.0.0",
  "lockfileVersion": 1,
  "requires": true,
  "dependencies": {
    "should": {
      "version": "0.2.1",
      "resolved": "https://registry.npmjs.org/should/-/should-0.2.1.tgz",
      "integrity": "sha1-VFbKAQY9Or6ya5/kyRjFF97uBY0=",
      "dev": true
    }
  }
}
